{
  "originHash" : "9549a92c4835d8fbf9ed9d305356e1f25c959ff74b4e854c2ff216626d985c8e",
  "pins" : [
    {
      "identity" : "client-sdk-swift",
      "kind" : "remoteSourceControl",
      "location" : "https://github.com/difftim/client-sdk-swift.git",
      "state" : {
        "revision" : "7e0b0cba48289ea52f9fe7b09ca6ec745be9a955",
        "version" : "2.10.2-a9"
      }
    },
    {
      "identity" : "denoise-plugin-swift",
      "kind" : "remoteSourceControl",
      "location" : "https://github.com/difftim/denoise-plugin-swift",
      "state" : {
        "revision" : "2ab3cd2f3db4007c6606f94ee229f1bb8ba6986a",
        "version" : "1.0.7"
      }
    },
    {
      "identity" : "livekit-uniffi-xcframework",
      "kind" : "remoteSourceControl",
      "location" : "https://github.com/livekit/livekit-uniffi-xcframework.git",
      "state" : {
        "revision" : "be164f3a9bfe83a7354a63e57950cc7d7c6393d0",
        "version" : "0.0.3"
      }
    },
    {
      "identity" : "sfsafesymbols",
      "kind" : "remoteSourceControl",
      "location" : "https://github.com/SFSafeSymbols/SFSafeSymbols.git",
      "state" : {
        "revision" : "3dd282d3269b061853a3b3bcd23a509d2aa166ce",
        "version" : "6.2.0"
      }
    },
    {
      "identity" : "swift-collections",
      "kind" : "remoteSourceControl",
      "location" : "https://github.com/apple/swift-collections.git",
      "state" : {
        "revision" : "8c0c0a8b49e080e54e5e328cc552821ff07cd341",
        "version" : "1.2.1"
      }
    },
    {
      "identity" : "swift-protobuf",
      "kind" : "remoteSourceControl",
      "location" : "https://github.com/apple/swift-protobuf.git",
      "state" : {
        "revision" : "a008af1a102ff3dd6cc3764bb69bf63226d0f5f6",
        "version" : "1.36.1"
      }
    },
    {
      "identity" : "webrtc-xcframework",
      "kind" : "remoteSourceControl",
      "location" : "https://github.com/livekit/webrtc-xcframework.git",
      "state" : {
        "revision" : "5b40f56c637369064b9c82e8f9cfa820f942658f",
        "version" : "137.7151.10"
      }
    }
  ],
  "version" : 3
}
